
Microsoft Visual Studio Solution File, Format Version 12.00
# Visual Studio Version 17
VisualStudioVersion = 17.12.35527.113 d17.12
MinimumVisualStudioVersion = 10.0.40219.1
Project("{FAE04EC0-301F-11D3-BF4B-00C04F79EFBC}") = "KVA_Task_10", "KVA_Task_10\KVA_Task_10.csproj", "{302D6A5E-D041-4D26-AFD5-04048C1C7366}"
EndProject
Global
	GlobalSection(SolutionConfigurationPlatforms) = preSolution
		Debug|Any CPU = Debug|Any CPU
		Release|Any CPU = Release|Any CPU
	EndGlobalSection
	GlobalSection(ProjectConfigurationPlatforms) = postSolution
		{302D6A5E-D041-4D26-AFD5-04048C1C7366}.Debug|Any CPU.ActiveCfg = Debug|Any CPU
		{302D6A5E-D041-4D26-AFD5-04048C1C7366}.Debug|Any CPU.Build.0 = Debug|Any CPU
		{302D6A5E-D041-4D26-AFD5-04048C1C7366}.Release|Any CPU.ActiveCfg = Release|Any CPU
		{302D6A5E-D041-4D26-AFD5-04048C1C7366}.Release|Any CPU.Build.0 = Release|Any CPU
	EndGlobalSection
	GlobalSection(SolutionProperties) = preSolution
		HideSolutionNode = FALSE
	EndGlobalSection
EndGlobal
